
Microsoft Visual Studio Solution File, Format Version 12.00
# Visual Studio Version 17
VisualStudioVersion = 17.8.34330.188
MinimumVisualStudioVersion = 10.0.40219.1
Project("{FAE04EC0-301F-11D3-BF4B-00C04F79EFBC}") = "DashBoard", "DashBoard.csproj", "{B1400F29-B346-45FF-A734-1413E667F3CD}"
EndProject
Global
	GlobalSection(SolutionConfigurationPlatforms) = preSolution
		Debug|Any CPU = Debug|Any CPU
		Release|Any CPU = Release|Any CPU
	EndGlobalSection
	GlobalSection(ProjectConfigurationPlatforms) = postSolution
		{B1400F29-B346-45FF-A734-1413E667F3CD}.Debug|Any CPU.ActiveCfg = Debug|Any CPU
		{B1400F29-B346-45FF-A734-1413E667F3CD}.Debug|Any CPU.Build.0 = Debug|Any CPU
		{B1400F29-B346-45FF-A734-1413E667F3CD}.Release|Any CPU.ActiveCfg = Release|Any CPU
		{B1400F29-B346-45FF-A734-1413E667F3CD}.Release|Any CPU.Build.0 = Release|Any CPU
	EndGlobalSection
	GlobalSection(SolutionProperties) = preSolution
		HideSolutionNode = FALSE
	EndGlobalSection
	GlobalSection(ExtensibilityGlobals) = postSolution
		SolutionGuid = {B0EF0EC7-3EB6-45BA-B3B8-FF7D99BE177B}
	EndGlobalSection
EndGlobal
